// !$*UTF8*$!
{
	archiveVersion = 1;
	classes = {
	};
	objectVersion = 46;
	objects = {

/* Begin PBXBuildFile section */
		48A35A8718D5C7FE007036F2 /* Foundation.framework in Frameworks */ = {isa = PBXBuildFile; fileRef = 48A35A8618D5C7FE007036F2 /* Foundation.framework */; };
		48A35A8918D5C7FE007036F2 /* CoreGraphics.framework in Frameworks */ = {isa = PBXBuildFile; fileRef = 48A35A8818D5C7FE007036F2 /* CoreGraphics.framework */; };
		48A35A8B18D5C7FE007036F2 /* UIKit.framework in Frameworks */ = {isa = PBXBuildFile; fileRef = 48A35A8A18D5C7FE007036F2 /* UIKit.framework */; };
		48A35A9118D5C7FE007036F2 /* InfoPlist.strings in Resources */ = {isa = PBXBuildFile; fileRef = 48A35A8F18D5C7FE007036F2 /* InfoPlist.strings */; };
		48A35A9318D5C7FE007036F2 /* main.m in Sources */ = {isa = PBXBuildFile; fileRef = 48A35A9218D5C7FE007036F2 /* main.m */; };
		48A35A9718D5C7FE007036F2 /* AppDelegate.m in Sources */ = {isa = PBXBuildFile; fileRef = 48A35A9618D5C7FE007036F2 /* AppDelegate.m */; };
		48A35A9918D5C7FE007036F2 /* Images.xcassets in Resources */ = {isa = PBXBuildFile; fileRef = 48A35A9818D5C7FE007036F2 /* Images.xcassets */; };
		48A35AA018D5C7FE007036F2 /* XCTest.framework in Frameworks */ = {isa = PBXBuildFile; fileRef = 48A35A9F18D5C7FE007036F2 /* XCTest.framework */; };
		48A35AA118D5C7FE007036F2 /* Foundation.framework in Frameworks */ = {isa = PBXBuildFile; fileRef = 48A35A8618D5C7FE007036F2 /* Foundation.framework */; };
		48A35AA218D5C7FE007036F2 /* UIKit.framework in Frameworks */ = {isa = PBXBuildFile; fileRef = 48A35A8A18D5C7FE007036F2 /* UIKit.framework */; };
		48A35AAA18D5C7FE007036F2 /* InfoPlist.strings in Resources */ = {isa = PBXBuildFile; fileRef = 48A35AA818D5C7FE007036F2 /* InfoPlist.strings */; };
		48A35AAC18D5C7FE007036F2 /* ZKPulseViewTests.m in Sources */ = {isa = PBXBuildFile; fileRef = 48A35AAB18D5C7FE007036F2 /* ZKPulseViewTests.m */; };
		48A35AB618D5C988007036F2 /* MainSB.storyboard in Resources */ = {isa = PBXBuildFile; fileRef = 48A35AB518D5C988007036F2 /* MainSB.storyboard */; };
		48A35ABB18D5C9C5007036F2 /* ExampleViewController.m in Sources */ = {isa = PBXBuildFile; fileRef = 48A35ABA18D5C9C5007036F2 /* ExampleViewController.m */; };
		48A35ABE18D5C9DD007036F2 /* UIView+ZKPulseView.m in Sources */ = {isa = PBXBuildFile; fileRef = 48A35ABD18D5C9DD007036F2 /* UIView+ZKPulseView.m */; };
		48A35AC018D5CB4D007036F2 /* QuartzCore.framework in Frameworks */ = {isa = PBXBuildFile; fileRef = 48A35ABF18D5CB4D007036F2 /* QuartzCore.framework */; };
		48A35AC318D5D1B1007036F2 /* ZKPulseView.podspec in Resources */ = {isa = PBXBuildFile; fileRef = 48A35AC218D5D1B1007036F2 /* ZKPulseView.podspec */; };
/* End PBXBuildFile section */

/* Begin PBXContainerItemProxy section */
		48A35AA318D5C7FE007036F2 /* PBXContainerItemProxy */ = {
			isa = PBXContainerItemProxy;
			containerPortal = 48A35A7B18D5C7FD007036F2 /* Project object */;
			proxyType = 1;
			remoteGlobalIDString = 48A35A8218D5C7FE007036F2;
			remoteInfo = ZKPulseView;
		};
/* End PBXContainerItemProxy section */

/* Begin PBXFileReference section */
		48A35A8318D5C7FE007036F2 /* ZKPulseView.app */ = {isa = PBXFileReference; explicitFileType = wrapper.application; includeInIndex = 0; path = ZKPulseView.app; sourceTree = BUILT_PRODUCTS_DIR; };
		48A35A8618D5C7FE007036F2 /* Foundation.framework */ = {isa = PBXFileReference; lastKnownFileType = wrapper.framework; name = Foundation.framework; path = System/Library/Frameworks/Foundation.framework; sourceTree = SDKROOT; };
		48A35A8818D5C7FE007036F2 /* CoreGraphics.framework */ = {isa = PBXFileReference; lastKnownFileType = wrapper.framework; name = CoreGraphics.framework; path = System/Library/Frameworks/CoreGraphics.framework; sourceTree = SDKROOT; };
		48A35A8A18D5C7FE007036F2 /* UIKit.framework */ = {isa = PBXFileReference; lastKnownFileType = wrapper.framework; name = UIKit.framework; path = System/Library/Frameworks/UIKit.framework; sourceTree = SDKROOT; };
		48A35A8E18D5C7FE007036F2 /* ZKPulseView-Info.plist */ = {isa = PBXFileReference; lastKnownFileType = text.plist.xml; path = "ZKPulseView-Info.plist"; sourceTree = "<group>"; };
		48A35A9018D5C7FE007036F2 /* en */ = {isa = PBXFileReference; lastKnownFileType = text.plist.strings; name = en; path = en.lproj/InfoPlist.strings; sourceTree = "<group>"; };
		48A35A9218D5C7FE007036F2 /* main.m */ = {isa = PBXFileReference; lastKnownFileType = sourcecode.c.objc; path = main.m; sourceTree = "<group>"; };
		48A35A9418D5C7FE007036F2 /* ZKPulseView-Prefix.pch */ = {isa = PBXFileReference; lastKnownFileType = sourcecode.c.h; path = "ZKPulseView-Prefix.pch"; sourceTree = "<group>"; };
		48A35A9518D5C7FE007036F2 /* AppDelegate.h */ = {isa = PBXFileReference; lastKnownFileType = sourcecode.c.h; path = AppDelegate.h; sourceTree = "<group>"; };
		48A35A9618D5C7FE007036F2 /* AppDelegate.m */ = {isa = PBXFileReference; lastKnownFileType = sourcecode.c.objc; path = AppDelegate.m; sourceTree = "<group>"; };
		48A35A9818D5C7FE007036F2 /* Images.xcassets */ = {isa = PBXFileReference; lastKnownFileType = folder.assetcatalog; path = Images.xcassets; sourceTree = "<group>"; };
		48A35A9E18D5C7FE007036F2 /* ZKPulseViewTests.xctest */ = {isa = PBXFileReference; explicitFileType = wrapper.cfbundle; includeInIndex = 0; path = ZKPulseViewTests.xctest; sourceTree = BUILT_PRODUCTS_DIR; };
		48A35A9F18D5C7FE007036F2 /* XCTest.framework */ = {isa = PBXFileReference; lastKnownFileType = wrapper.framework; name = XCTest.framework; path = Library/Frameworks/XCTest.framework; sourceTree = DEVELOPER_DIR; };
		48A35AA718D5C7FE007036F2 /* ZKPulseViewTests-Info.plist */ = {isa = PBXFileReference; lastKnownFileType = text.plist.xml; path = "ZKPulseViewTests-Info.plist"; sourceTree = "<group>"; };
		48A35AA918D5C7FE007036F2 /* en */ = {isa = PBXFileReference; lastKnownFileType = text.plist.strings; name = en; path = en.lproj/InfoPlist.strings; sourceTree = "<group>"; };
		48A35AAB18D5C7FE007036F2 /* ZKPulseViewTests.m */ = {isa = PBXFileReference; lastKnownFileType = sourcecode.c.objc; path = ZKPulseViewTests.m; sourceTree = "<group>"; };
		48A35AB518D5C988007036F2 /* MainSB.storyboard */ = {isa = PBXFileReference; fileEncoding = 4; lastKnownFileType = file.storyboard; path = MainSB.storyboard; sourceTree = "<group>"; };
		48A35AB918D5C9C5007036F2 /* ExampleViewController.h */ = {isa = PBXFileReference; fileEncoding = 4; lastKnownFileType = sourcecode.c.h; name = ExampleViewController.h; path = Example/ExampleViewController.h; sourceTree = "<group>"; };
		48A35ABA18D5C9C5007036F2 /* ExampleViewController.m */ = {isa = PBXFileReference; fileEncoding = 4; lastKnownFileType = sourcecode.c.objc; name = ExampleViewController.m; path = Example/ExampleViewController.m; sourceTree = "<group>"; };
		48A35ABC18D5C9DD007036F2 /* UIView+ZKPulseView.h */ = {isa = PBXFileReference; fileEncoding = 4; lastKnownFileType = sourcecode.c.h; name = "UIView+ZKPulseView.h"; path = "Class/UIView+ZKPulseView.h"; sourceTree = "<group>"; };
		48A35ABD18D5C9DD007036F2 /* UIView+ZKPulseView.m */ = {isa = PBXFileReference; fileEncoding = 4; lastKnownFileType = sourcecode.c.objc; name = "UIView+ZKPulseView.m"; path = "Class/UIView+ZKPulseView.m"; sourceTree = "<group>"; };
		48A35ABF18D5CB4D007036F2 /* QuartzCore.framework */ = {isa = PBXFileReference; lastKnownFileType = wrapper.framework; name = QuartzCore.framework; path = System/Library/Frameworks/QuartzCore.framework; sourceTree = SDKROOT; };
		48A35AC218D5D1B1007036F2 /* ZKPulseView.podspec */ = {isa = PBXFileReference; fileEncoding = 4; lastKnownFileType = text; path = ZKPulseView.podspec; sourceTree = "<group>"; };
/* End PBXFileReference section */

/* Begin PBXFrameworksBuildPhase section */
		48A35A8018D5C7FE007036F2 /* Frameworks */ = {
			isa = PBXFrameworksBuildPhase;
			buildActionMask = 2147483647;
			files = (
				48A35AC018D5CB4D007036F2 /* QuartzCore.framework in Frameworks */,
				48A35A8918D5C7FE007036F2 /* CoreGraphics.framework in Frameworks */,
				48A35A8B18D5C7FE007036F2 /* UIKit.framework in Frameworks */,
				48A35A8718D5C7FE007036F2 /* Foundation.framework in Frameworks */,
			);
			runOnlyForDeploymentPostprocessing = 0;
		};
		48A35A9B18D5C7FE007036F2 /* Frameworks */ = {
			isa = PBXFrameworksBuildPhase;
			buildActionMask = 2147483647;
			files = (
				48A35AA018D5C7FE007036F2 /* XCTest.framework in Frameworks */,
				48A35AA218D5C7FE007036F2 /* UIKit.framework in Frameworks */,
				48A35AA118D5C7FE007036F2 /* Foundation.framework in Frameworks */,
			);
			runOnlyForDeploymentPostprocessing = 0;
		};
/* End PBXFrameworksBuildPhase section */

/* Begin PBXGroup section */
		48A35A7A18D5C7FD007036F2 = {
			isa = PBXGroup;
			children = (
				48A35AC218D5D1B1007036F2 /* ZKPulseView.podspec */,
				48A35A8C18D5C7FE007036F2 /* ZKPulseView */,
				48A35AA518D5C7FE007036F2 /* ZKPulseViewTests */,
				48A35A8518D5C7FE007036F2 /* Frameworks */,
				48A35A8418D5C7FE007036F2 /* Products */,
			);
			sourceTree = "<group>";
		};
		48A35A8418D5C7FE007036F2 /* Products */ = {
			isa = PBXGroup;
			children = (
				48A35A8318D5C7FE007036F2 /* ZKPulseView.app */,
				48A35A9E18D5C7FE007036F2 /* ZKPulseViewTests.xctest */,
			);
			name = Products;
			sourceTree = "<group>";
		};
		48A35A8518D5C7FE007036F2 /* Frameworks */ = {
			isa = PBXGroup;
			children = (
				48A35ABF18D5CB4D007036F2 /* QuartzCore.framework */,
				48A35A8618D5C7FE007036F2 /* Foundation.framework */,
				48A35A8818D5C7FE007036F2 /* CoreGraphics.framework */,
				48A35A8A18D5C7FE007036F2 /* UIKit.framework */,
				48A35A9F18D5C7FE007036F2 /* XCTest.framework */,
			);
			name = Frameworks;
			sourceTree = "<group>";
		};
		48A35A8C18D5C7FE007036F2 /* ZKPulseView */ = {
			isa = PBXGroup;
			children = (
				48A35AB818D5C996007036F2 /* Class */,
				48A35AB718D5C98E007036F2 /* Example */,
				48A35A9518D5C7FE007036F2 /* AppDelegate.h */,
				48A35A9618D5C7FE007036F2 /* AppDelegate.m */,
				48A35A9818D5C7FE007036F2 /* Images.xcassets */,
				48A35A8D18D5C7FE007036F2 /* Supporting Files */,
				48A35AB518D5C988007036F2 /* MainSB.storyboard */,
			);
			path = ZKPulseView;
			sourceTree = "<group>";
		};
		48A35A8D18D5C7FE007036F2 /* Supporting Files */ = {
			isa = PBXGroup;
			children = (
				48A35A8E18D5C7FE007036F2 /* ZKPulseView-Info.plist */,
				48A35A8F18D5C7FE007036F2 /* InfoPlist.strings */,
				48A35A9218D5C7FE007036F2 /* main.m */,
				48A35A9418D5C7FE007036F2 /* ZKPulseView-Prefix.pch */,
			);
			name = "Supporting Files";
			sourceTree = "<group>";
		};
		48A35AA518D5C7FE007036F2 /* ZKPulseViewTests */ = {
			isa = PBXGroup;
			children = (
				48A35AAB18D5C7FE007036F2 /* ZKPulseViewTests.m */,
				48A35AA618D5C7FE007036F2 /* Supporting Files */,
			);
			path = ZKPulseViewTests;
			sourceTree = "<group>";
		};
		48A35AA618D5C7FE007036F2 /* Supporting Files */ = {
			isa = PBXGroup;
			children = (
				48A35AA718D5C7FE007036F2 /* ZKPulseViewTests-Info.plist */,
				48A35AA818D5C7FE007036F2 /* InfoPlist.strings */,
			);
			name = "Supporting Files";
			sourceTree = "<group>";
		};
		48A35AB718D5C98E007036F2 /* Example */ = {
			isa = PBXGroup;
			children = (
				48A35AB918D5C9C5007036F2 /* ExampleViewController.h */,
				48A35ABA18D5C9C5007036F2 /* ExampleViewController.m */,
			);
			name = Example;
			sourceTree = "<group>";
		};
		48A35AB818D5C996007036F2 /* Class */ = {
			isa = PBXGroup;
			children = (
				48A35ABC18D5C9DD007036F2 /* UIView+ZKPulseView.h */,
				48A35ABD18D5C9DD007036F2 /* UIView+ZKPulseView.m */,
			);
			name = Class;
			sourceTree = "<group>";
		};
/* End PBXGroup section */

/* Begin PBXNativeTarget section */
		48A35A8218D5C7FE007036F2 /* ZKPulseView */ = {
			isa = PBXNativeTarget;
			buildConfigurationList = 48A35AAF18D5C7FE007036F2 /* Build configuration list for PBXNativeTarget "ZKPulseView" */;
			buildPhases = (
				48A35A7F18D5C7FE007036F2 /* Sources */,
				48A35A8018D5C7FE007036F2 /* Frameworks */,
				48A35A8118D5C7FE007036F2 /* Resources */,
			);
			buildRules = (
			);
			dependencies = (
			);
			name = ZKPulseView;
			productName = ZKPulseView;
			productReference = 48A35A8318D5C7FE007036F2 /* ZKPulseView.app */;
			productType = "com.apple.product-type.application";
		};
		48A35A9D18D5C7FE007036F2 /* ZKPulseViewTests */ = {
			isa = PBXNativeTarget;
			buildConfigurationList = 48A35AB218D5C7FE007036F2 /* Build configuration list for PBXNativeTarget "ZKPulseViewTests" */;
			buildPhases = (
				48A35A9A18D5C7FE007036F2 /* Sources */,
				48A35A9B18D5C7FE007036F2 /* Frameworks */,
				48A35A9C18D5C7FE007036F2 /* Resources */,
			);
			buildRules = (
			);
			dependencies = (
				48A35AA418D5C7FE007036F2 /* PBXTargetDependency */,
			);
			name = ZKPulseViewTests;
			productName = ZKPulseViewTests;
			productReference = 48A35A9E18D5C7FE007036F2 /* ZKPulseViewTests.xctest */;
			productType = "com.apple.product-type.bundle.unit-test";
		};
/* End PBXNativeTarget section */

/* Begin PBXProject section */
		48A35A7B18D5C7FD007036F2 /* Project object */ = {
			isa = PBXProject;
			attributes = {
				LastUpgradeCheck = 0510;
				ORGANIZATIONNAME = zzk;
				TargetAttributes = {
					48A35A9D18D5C7FE007036F2 = {
						TestTargetID = 48A35A8218D5C7FE007036F2;
					};
				};
			};
			buildConfigurationList = 48A35A7E18D5C7FD007036F2 /* Build configuration list for PBXProject "ZKPulseView" */;
			compatibilityVersion = "Xcode 3.2";
			developmentRegion = English;
			hasScannedForEncodings = 0;
			knownRegions = (
				en,
			);
			mainGroup = 48A35A7A18D5C7FD007036F2;
			productRefGroup = 48A35A8418D5C7FE007036F2 /* Products */;
			projectDirPath = "";
			projectRoot = "";
			targets = (
				48A35A8218D5C7FE007036F2 /* ZKPulseView */,
				48A35A9D18D5C7FE007036F2 /* ZKPulseViewTests */,
			);
		};
/* End PBXProject section */

/* Begin PBXResourcesBuildPhase section */
		48A35A8118D5C7FE007036F2 /* Resources */ = {
			isa = PBXResourcesBuildPhase;
			buildActionMask = 2147483647;
			files = (
				48A35AC318D5D1B1007036F2 /* ZKPulseView.podspec in Resources */,
				48A35A9118D5C7FE007036F2 /* InfoPlist.strings in Resources */,
				48A35A9918D5C7FE007036F2 /* Images.xcassets in Resources */,
				48A35AB618D5C988007036F2 /* MainSB.storyboard in Resources */,
			);
			runOnlyForDeploymentPostprocessing = 0;
		};
		48A35A9C18D5C7FE007036F2 /* Resources */ = {
			isa = PBXResourcesBuildPhase;
			buildActionMask = 2147483647;
			files = (
				48A35AAA18D5C7FE007036F2 /* InfoPlist.strings in Resources */,
			);
			runOnlyForDeploymentPostprocessing = 0;
		};
/* End PBXResourcesBuildPhase section */

/* Begin PBXSourcesBuildPhase section */
		48A35A7F18D5C7FE007036F2 /* Sources */ = {
			isa = PBXSourcesBuildPhase;
			buildActionMask = 2147483647;
			files = (
				48A35ABE18D5C9DD007036F2 /* UIView+ZKPulseView.m in Sources */,
				48A35ABB18D5C9C5007036F2 /* ExampleViewController.m in Sources */,
				48A35A9718D5C7FE007036F2 /* AppDelegate.m in Sources */,
				48A35A9318D5C7FE007036F2 /* main.m in Sources */,
			);
			runOnlyForDeploymentPostprocessing = 0;
		};
		48A35A9A18D5C7FE007036F2 /* Sources */ = {
			isa = PBXSourcesBuildPhase;
			buildActionMask = 2147483647;
			files = (
				48A35AAC18D5C7FE007036F2 /* ZKPulseViewTests.m in Sources */,
			);
			runOnlyForDeploymentPostprocessing = 0;
		};
/* End PBXSourcesBuildPhase section */

/* Begin PBXTargetDependency section */
		48A35AA418D5C7FE007036F2 /* PBXTargetDependency */ = {
			isa = PBXTargetDependency;
			target = 48A35A8218D5C7FE007036F2 /* ZKPulseView */;
			targetProxy = 48A35AA318D5C7FE007036F2 /* PBXContainerItemProxy */;
		};
/* End PBXTargetDependency section */

/* Begin PBXVariantGroup section */
		48A35A8F18D5C7FE007036F2 /* InfoPlist.strings */ = {
			isa = PBXVariantGroup;
			children = (
				48A35A9018D5C7FE007036F2 /* en */,
			);
			name = InfoPlist.strings;
			sourceTree = "<group>";
		};
		48A35AA818D5C7FE007036F2 /* InfoPlist.strings */ = {
			isa = PBXVariantGroup;
			children = (
				48A35AA918D5C7FE007036F2 /* en */,
			);
			name = InfoPlist.strings;
			sourceTree = "<group>";
		};
/* End PBXVariantGroup section */

/* Begin XCBuildConfiguration section */
		48A35AAD18D5C7FE007036F2 /* Debug */ = {
			isa = XCBuildConfiguration;
			buildSettings = {
				ALWAYS_SEARCH_USER_PATHS = NO;
				CLANG_CXX_LANGUAGE_STANDARD = "gnu++0x";
				CLANG_CXX_LIBRARY = "libc++";
				CLANG_ENABLE_MODULES = YES;
				CLANG_ENABLE_OBJC_ARC = YES;
				CLANG_WARN_BOOL_CONVERSION = YES;
				CLANG_WARN_CONSTANT_CONVERSION = YES;
				CLANG_WARN_DIRECT_OBJC_ISA_USAGE = YES_ERROR;
				CLANG_WARN_EMPTY_BODY = YES;
				CLANG_WARN_ENUM_CONVERSION = YES;
				CLANG_WARN_INT_CONVERSION = YES;
				CLANG_WARN_OBJC_ROOT_CLASS = YES_ERROR;
				CLANG_WARN__DUPLICATE_METHOD_MATCH = YES;
				"CODE_SIGN_IDENTITY[sdk=iphoneos*]" = "iPhone Developer";
				COPY_PHASE_STRIP = NO;
				GCC_C_LANGUAGE_STANDARD = gnu99;
				GCC_DYNAMIC_NO_PIC = NO;
				GCC_OPTIMIZATION_LEVEL = 0;
				GCC_PREPROCESSOR_DEFINITIONS = (
					"DEBUG=1",
					"$(inherited)",
				);
				GCC_SYMBOLS_PRIVATE_EXTERN = NO;
				GCC_WARN_64_TO_32_BIT_CONVERSION = YES;
				GCC_WARN_ABOUT_RETURN_TYPE = YES_ERROR;
				GCC_WARN_UNDECLARED_SELECTOR = YES;
				GCC_WARN_UNINITIALIZED_AUTOS = YES_AGGRESSIVE;
				GCC_WARN_UNUSED_FUNCTION = YES;
				GCC_WARN_UNUSED_VARIABLE = YES;
				IPHONEOS_DEPLOYMENT_TARGET = 7.1;
				ONLY_ACTIVE_ARCH = YES;
				SDKROOT = iphoneos;
			};
			name = Debug;
		};
		48A35AAE18D5C7FE007036F2 /* Release */ = {
			isa = XCBuildConfiguration;
			buildSettings = {
				ALWAYS_SEARCH_USER_PATHS = NO;
				CLANG_CXX_LANGUAGE_STANDARD = "gnu++0x";
				CLANG_CXX_LIBRARY = "libc++";
				CLANG_ENABLE_MODULES = YES;
				CLANG_ENABLE_OBJC_ARC = YES;
				CLANG_WARN_BOOL_CONVERSION = YES;
				CLANG_WARN_CONSTANT_CONVERSION = YES;
				CLANG_WARN_DIRECT_OBJC_ISA_USAGE = YES_ERROR;
				CLANG_WARN_EMPTY_BODY = YES;
				CLANG_WARN_ENUM_CONVERSION = YES;
				CLANG_WARN_INT_CONVERSION = YES;
				CLANG_WARN_OBJC_ROOT_CLASS = YES_ERROR;
				CLANG_WARN__DUPLICATE_METHOD_MATCH = YES;
				"CODE_SIGN_IDENTITY[sdk=iphoneos*]" = "iPhone Developer";
				COPY_PHASE_STRIP = YES;
				ENABLE_NS_ASSERTIONS = NO;
				GCC_C_LANGUAGE_STANDARD = gnu99;
				GCC_WARN_64_TO_32_BIT_CONVERSION = YES;
				GCC_WARN_ABOUT_RETURN_TYPE = YES_ERROR;
				GCC_WARN_UNDECLARED_SELECTOR = YES;
				GCC_WARN_UNINITIALIZED_AUTOS = YES_AGGRESSIVE;
				GCC_WARN_UNUSED_FUNCTION = YES;
				GCC_WARN_UNUSED_VARIABLE = YES;
				IPHONEOS_DEPLOYMENT_TARGET = 7.1;
				SDKROOT = iphoneos;
				VALIDATE_PRODUCT = YES;
			};
			name = Release;
		};
		48A35AB018D5C7FE007036F2 /* Debug */ = {
			isa = XCBuildConfiguration;
			buildSettings = {
				ASSETCATALOG_COMPILER_APPICON_NAME = AppIcon;
				ASSETCATALOG_COMPILER_LAUNCHIMAGE_NAME = LaunchImage;
				GCC_PRECOMPILE_PREFIX_HEADER = YES;
				GCC_PREFIX_HEADER = "ZKPulseView/ZKPulseView-Prefix.pch";
				INFOPLIST_FILE = "ZKPulseView/ZKPulseView-Info.plist";
				PRODUCT_NAME = "$(TARGET_NAME)";
				WRAPPER_EXTENSION = app;
			};
			name = Debug;
		};
		48A35AB118D5C7FE007036F2 /* Release */ = {
			isa = XCBuildConfiguration;
			buildSettings = {
				ASSETCATALOG_COMPILER_APPICON_NAME = AppIcon;
				ASSETCATALOG_COMPILER_LAUNCHIMAGE_NAME = LaunchImage;
				GCC_PRECOMPILE_PREFIX_HEADER = YES;
				GCC_PREFIX_HEADER = "ZKPulseView/ZKPulseView-Prefix.pch";
				INFOPLIST_FILE = "ZKPulseView/ZKPulseView-Info.plist";
				PRODUCT_NAME = "$(TARGET_NAME)";
				WRAPPER_EXTENSION = app;
			};
			name = Release;
		};
		48A35AB318D5C7FE007036F2 /* Debug */ = {
			isa = XCBuildConfiguration;
			buildSettings = {
				BUNDLE_LOADER = "$(BUILT_PRODUCTS_DIR)/ZKPulseView.app/ZKPulseView";
				FRAMEWORK_SEARCH_PATHS = (
					"$(SDKROOT)/Developer/Library/Frameworks",
					"$(inherited)",
					"$(DEVELOPER_FRAMEWORKS_DIR)",
				);
				GCC_PRECOMPILE_PREFIX_HEADER = YES;
				GCC_PREFIX_HEADER = "ZKPulseView/ZKPulseView-Prefix.pch";
				GCC_PREPROCESSOR_DEFINITIONS = (
					"DEBUG=1",
					"$(inherited)",
				);
				INFOPLIST_FILE = "ZKPulseViewTests/ZKPulseViewTests-Info.plist";
				PRODUCT_NAME = "$(TARGET_NAME)";
				TEST_HOST = "$(BUNDLE_LOADER)";
				WRAPPER_EXTENSION = xctest;
			};
			name = Debug;
		};
		48A35AB418D5C7FE007036F2 /* Release */ = {
			isa = XCBuildConfiguration;
			buildSettings = {
				BUNDLE_LOADER = "$(BUILT_PRODUCTS_DIR)/ZKPulseView.app/ZKPulseView";
				FRAMEWORK_SEARCH_PATHS = (
					"$(SDKROOT)/Developer/Library/Frameworks",
					"$(inherited)",
					"$(DEVELOPER_FRAMEWORKS_DIR)",
				);
				GCC_PRECOMPILE_PREFIX_HEADER = YES;
				GCC_PREFIX_HEADER = "ZKPulseView/ZKPulseView-Prefix.pch";
				INFOPLIST_FILE = "ZKPulseViewTests/ZKPulseViewTests-Info.plist";
				PRODUCT_NAME = "$(TARGET_NAME)";
				TEST_HOST = "$(BUNDLE_LOADER)";
				WRAPPER_EXTENSION = xctest;
			};
			name = Release;
		};
/* End XCBuildConfiguration section */

/* Begin XCConfigurationList section */
		48A35A7E18D5C7FD007036F2 /* Build configuration list for PBXProject "ZKPulseView" */ = {
			isa = XCConfigurationList;
			buildConfigurations = (
				48A35AAD18D5C7FE007036F2 /* Debug */,
				48A35AAE18D5C7FE007036F2 /* Release */,
			);
			defaultConfigurationIsVisible = 0;
			defaultConfigurationName = Release;
		};
		48A35AAF18D5C7FE007036F2 /* Build configuration list for PBXNativeTarget "ZKPulseView" */ = {
			isa = XCConfigurationList;
			buildConfigurations = (
				48A35AB018D5C7FE007036F2 /* Debug */,
				48A35AB118D5C7FE007036F2 /* Release */,
			);
			defaultConfigurationIsVisible = 0;
			defaultConfigurationName = Release;
		};
		48A35AB218D5C7FE007036F2 /* Build configuration list for PBXNativeTarget "ZKPulseViewTests" */ = {
			isa = XCConfigurationList;
			buildConfigurations = (
				48A35AB318D5C7FE007036F2 /* Debug */,
				48A35AB418D5C7FE007036F2 /* Release */,
			);
			defaultConfigurationIsVisible = 0;
			defaultConfigurationName = Release;
		};
/* End XCConfigurationList section */
	};
	rootObject = 48A35A7B18D5C7FD007036F2 /* Project object */;
}
